{
  "name": "test_npm",
  "version": "1.0.0",
  "lockfileVersion": 1,
  "requires": true,
  "dependencies": {
    "jquery": {
      "version": "3.5.0",
      "resolved": "https://registry.npmjs.org/jquery/-/jquery-3.5.0.tgz",
      "integrity": "sha512-Xb7SVYMvygPxbFMpTFQiHh1J7HClEaThguL15N/Gg37Lri/qKyhRGZYzHRyLH8Stq3Aow0LsHO2O2ci86fCrNQ=="
    },
    "jquery-jpostal-ja": {
      "version": "2.13.6",
      "resolved": "https://registry.npmjs.org/jquery-jpostal-ja/-/jquery-jpostal-ja-2.13.6.tgz",
      "integrity": "sha512-x1q2cIQ1/vX1b4PCIGOFD4tr2kKj1fRN2JXb4IhjX/LnAA7LQrVwwBY3ABR5zh5SsPu21rEE/p31nMTojXKKdw=="
    }
  }
}
